// !$*UTF8*$!
{
	archiveVersion = 1;
	classes = {
	};
	objectVersion = 46;
	objects = {

/* Begin PBXBuildFile section */
		9F2B5DAC64876F65BF2ECE48 /* Pods_MoveMe.framework in Frameworks */ = {isa = PBXBuildFile; fileRef = AC931A20460E23148EC751A3 /* Pods_MoveMe.framework */; };
		D052930F1C4AB70A00EEF1EA /* MovieCell.swift in Sources */ = {isa = PBXBuildFile; fileRef = D052930E1C4AB70900EEF1EA /* MovieCell.swift */; };
		D05293111C4AB7CC00EEF1EA /* DetailViewController.swift in Sources */ = {isa = PBXBuildFile; fileRef = D05293101C4AB7CC00EEF1EA /* DetailViewController.swift */; };
		D0A72E2C1C4A0EB300DEF741 /* AppDelegate.swift in Sources */ = {isa = PBXBuildFile; fileRef = D0A72E2B1C4A0EB300DEF741 /* AppDelegate.swift */; };
		D0A72E311C4A0EB300DEF741 /* Main.storyboard in Resources */ = {isa = PBXBuildFile; fileRef = D0A72E2F1C4A0EB300DEF741 /* Main.storyboard */; };
		D0A72E331C4A0EB300DEF741 /* Assets.xcassets in Resources */ = {isa = PBXBuildFile; fileRef = D0A72E321C4A0EB300DEF741 /* Assets.xcassets */; };
		D0A72E361C4A0EB300DEF741 /* LaunchScreen.storyboard in Resources */ = {isa = PBXBuildFile; fileRef = D0A72E341C4A0EB300DEF741 /* LaunchScreen.storyboard */; };
		D0A72E3E1C4A0F2900DEF741 /* MovieViewController.swift in Sources */ = {isa = PBXBuildFile; fileRef = D0A72E3D1C4A0F2900DEF741 /* MovieViewController.swift */; };
/* End PBXBuildFile section */

/* Begin PBXFileReference section */
		977539CB3D367929FBF2E146 /* Pods-MoveMe.debug.xcconfig */ = {isa = PBXFileReference; includeInIndex = 1; lastKnownFileType = text.xcconfig; name = "Pods-MoveMe.debug.xcconfig"; path = "Pods/Target Support Files/Pods-MoveMe/Pods-MoveMe.debug.xcconfig"; sourceTree = "<group>"; };
		9C45B87F262BC4E7006D52FC /* Pods-MoveMe.release.xcconfig */ = {isa = PBXFileReference; includeInIndex = 1; lastKnownFileType = text.xcconfig; name = "Pods-MoveMe.release.xcconfig"; path = "Pods/Target Support Files/Pods-MoveMe/Pods-MoveMe.release.xcconfig"; sourceTree = "<group>"; };
		AC931A20460E23148EC751A3 /* Pods_MoveMe.framework */ = {isa = PBXFileReference; explicitFileType = wrapper.framework; includeInIndex = 0; path = Pods_MoveMe.framework; sourceTree = BUILT_PRODUCTS_DIR; };
		D052930E1C4AB70900EEF1EA /* MovieCell.swift */ = {isa = PBXFileReference; fileEncoding = 4; lastKnownFileType = sourcecode.swift; name = MovieCell.swift; path = ../MovieCell.swift; sourceTree = "<group>"; };
		D05293101C4AB7CC00EEF1EA /* DetailViewController.swift */ = {isa = PBXFileReference; fileEncoding = 4; lastKnownFileType = sourcecode.swift; name = DetailViewController.swift; path = ../DetailViewController.swift; sourceTree = "<group>"; };
		D0A72E281C4A0EB300DEF741 /* MoveMe.app */ = {isa = PBXFileReference; explicitFileType = wrapper.application; includeInIndex = 0; path = MoveMe.app; sourceTree = BUILT_PRODUCTS_DIR; };
		D0A72E2B1C4A0EB300DEF741 /* AppDelegate.swift */ = {isa = PBXFileReference; lastKnownFileType = sourcecode.swift; path = AppDelegate.swift; sourceTree = "<group>"; };
		D0A72E301C4A0EB300DEF741 /* Base */ = {isa = PBXFileReference; lastKnownFileType = file.storyboard; name = Base; path = Base.lproj/Main.storyboard; sourceTree = "<group>"; };
		D0A72E321C4A0EB300DEF741 /* Assets.xcassets */ = {isa = PBXFileReference; lastKnownFileType = folder.assetcatalog; path = Assets.xcassets; sourceTree = "<group>"; };
		D0A72E351C4A0EB300DEF741 /* Base */ = {isa = PBXFileReference; lastKnownFileType = file.storyboard; name = Base; path = Base.lproj/LaunchScreen.storyboard; sourceTree = "<group>"; };
		D0A72E371C4A0EB300DEF741 /* Info.plist */ = {isa = PBXFileReference; lastKnownFileType = text.plist.xml; path = Info.plist; sourceTree = "<group>"; };
		D0A72E3D1C4A0F2900DEF741 /* MovieViewController.swift */ = {isa = PBXFileReference; fileEncoding = 4; lastKnownFileType = sourcecode.swift; path = MovieViewController.swift; sourceTree = "<group>"; };
/* End PBXFileReference section */

/* Begin PBXFrameworksBuildPhase section */
		D0A72E251C4A0EB300DEF741 /* Frameworks */ = {
			isa = PBXFrameworksBuildPhase;
			buildActionMask = 2147483647;
			files = (
				9F2B5DAC64876F65BF2ECE48 /* Pods_MoveMe.framework in Frameworks */,
			);
			runOnlyForDeploymentPostprocessing = 0;
		};
/* End PBXFrameworksBuildPhase section */

/* Begin PBXGroup section */
		4AF5B762F35B2000578F0C09 /* Frameworks */ = {
			isa = PBXGroup;
			children = (
				AC931A20460E23148EC751A3 /* Pods_MoveMe.framework */,
			);
			name = Frameworks;
			sourceTree = "<group>";
		};
		9EF908B8E35F091104E49036 /* Pods */ = {
			isa = PBXGroup;
			children = (
				977539CB3D367929FBF2E146 /* Pods-MoveMe.debug.xcconfig */,
				9C45B87F262BC4E7006D52FC /* Pods-MoveMe.release.xcconfig */,
			);
			name = Pods;
			sourceTree = "<group>";
		};
		D05293121C4AC4A600EEF1EA /* viewcontrollers */ = {
			isa = PBXGroup;
			children = (
				D0A72E3D1C4A0F2900DEF741 /* MovieViewController.swift */,
				D05293101C4AB7CC00EEF1EA /* DetailViewController.swift */,
			);
			name = viewcontrollers;
			sourceTree = "<group>";
		};
		D05293131C4AD43900EEF1EA /* views */ = {
			isa = PBXGroup;
			children = (
				D052930E1C4AB70900EEF1EA /* MovieCell.swift */,
			);
			name = views;
			sourceTree = "<group>";
		};
		D0A72E1F1C4A0EB300DEF741 = {
			isa = PBXGroup;
			children = (
				D0A72E2A1C4A0EB300DEF741 /* MoveMe */,
				D0A72E291C4A0EB300DEF741 /* Products */,
				9EF908B8E35F091104E49036 /* Pods */,
				4AF5B762F35B2000578F0C09 /* Frameworks */,
			);
			sourceTree = "<group>";
		};
		D0A72E291C4A0EB300DEF741 /* Products */ = {
			isa = PBXGroup;
			children = (
				D0A72E281C4A0EB300DEF741 /* MoveMe.app */,
			);
			name = Products;
			sourceTree = "<group>";
		};
		D0A72E2A1C4A0EB300DEF741 /* MoveMe */ = {
			isa = PBXGroup;
			children = (
				D05293131C4AD43900EEF1EA /* views */,
				D05293121C4AC4A600EEF1EA /* viewcontrollers */,
				D0A72E2B1C4A0EB300DEF741 /* AppDelegate.swift */,
				D0A72E2F1C4A0EB300DEF741 /* Main.storyboard */,
				D0A72E321C4A0EB300DEF741 /* Assets.xcassets */,
				D0A72E341C4A0EB300DEF741 /* LaunchScreen.storyboard */,
				D0A72E371C4A0EB300DEF741 /* Info.plist */,
			);
			path = MoveMe;
			sourceTree = "<group>";
		};
/* End PBXGroup section */

/* Begin PBXNativeTarget section */
		D0A72E271C4A0EB300DEF741 /* MoveMe */ = {
			isa = PBXNativeTarget;
			buildConfigurationList = D0A72E3A1C4A0EB300DEF741 /* Build configuration list for PBXNativeTarget "MoveMe" */;
			buildPhases = (
				E0D5EEE2A677070CDFCB5F46 /* Check Pods Manifest.lock */,
				D0A72E241C4A0EB300DEF741 /* Sources */,
				D0A72E251C4A0EB300DEF741 /* Frameworks */,
				D0A72E261C4A0EB300DEF741 /* Resources */,
				953669EE02F81DF1031DB818 /* Embed Pods Frameworks */,
				57902B3D8CB5C24B7443074F /* Copy Pods Resources */,
			);
			buildRules = (
			);
			dependencies = (
			);
			name = MoveMe;
			productName = MoveMe;
			productReference = D0A72E281C4A0EB300DEF741 /* MoveMe.app */;
			productType = "com.apple.product-type.application";
		};
/* End PBXNativeTarget section */

/* Begin PBXProject section */
		D0A72E201C4A0EB300DEF741 /* Project object */ = {
			isa = PBXProject;
			attributes = {
				LastSwiftUpdateCheck = 0720;
				LastUpgradeCheck = 0720;
				ORGANIZATIONNAME = codepath;
				TargetAttributes = {
					D0A72E271C4A0EB300DEF741 = {
						CreatedOnToolsVersion = 7.2;
						DevelopmentTeam = QG865YUFVZ;
					};
				};
			};
			buildConfigurationList = D0A72E231C4A0EB300DEF741 /* Build configuration list for PBXProject "MoveMe" */;
			compatibilityVersion = "Xcode 3.2";
			developmentRegion = English;
			hasScannedForEncodings = 0;
			knownRegions = (
				en,
				Base,
			);
			mainGroup = D0A72E1F1C4A0EB300DEF741;
			productRefGroup = D0A72E291C4A0EB300DEF741 /* Products */;
			projectDirPath = "";
			projectRoot = "";
			targets = (
				D0A72E271C4A0EB300DEF741 /* MoveMe */,
			);
		};
/* End PBXProject section */

/* Begin PBXResourcesBuildPhase section */
		D0A72E261C4A0EB300DEF741 /* Resources */ = {
			isa = PBXResourcesBuildPhase;
			buildActionMask = 2147483647;
			files = (
				D0A72E361C4A0EB300DEF741 /* LaunchScreen.storyboard in Resources */,
				D0A72E331C4A0EB300DEF741 /* Assets.xcassets in Resources */,
				D0A72E311C4A0EB300DEF741 /* Main.storyboard in Resources */,
			);
			runOnlyForDeploymentPostprocessing = 0;
		};
/* End PBXResourcesBuildPhase section */

/* Begin PBXShellScriptBuildPhase section */
		57902B3D8CB5C24B7443074F /* Copy Pods Resources */ = {
			isa = PBXShellScriptBuildPhase;
			buildActionMask = 2147483647;
			files = (
			);
			inputPaths = (
			);
			name = "Copy Pods Resources";
			outputPaths = (
			);
			runOnlyForDeploymentPostprocessing = 0;
			shellPath = /bin/sh;
			shellScript = "\"${SRCROOT}/Pods/Target Support Files/Pods-MoveMe/Pods-MoveMe-resources.sh\"\n";
			showEnvVarsInLog = 0;
		};
		953669EE02F81DF1031DB818 /* Embed Pods Frameworks */ = {
			isa = PBXShellScriptBuildPhase;
			buildActionMask = 2147483647;
			files = (
			);
			inputPaths = (
			);
			name = "Embed Pods Frameworks";
			outputPaths = (
			);
			runOnlyForDeploymentPostprocessing = 0;
			shellPath = /bin/sh;
			shellScript = "\"${SRCROOT}/Pods/Target Support Files/Pods-MoveMe/Pods-MoveMe-frameworks.sh\"\n";
			showEnvVarsInLog = 0;
		};
		E0D5EEE2A677070CDFCB5F46 /* Check Pods Manifest.lock */ = {
			isa = PBXShellScriptBuildPhase;
			buildActionMask = 2147483647;
			files = (
			);
			inputPaths = (
			);
			name = "Check Pods Manifest.lock";
			outputPaths = (
			);
			runOnlyForDeploymentPostprocessing = 0;
			shellPath = /bin/sh;
			shellScript = "diff \"${PODS_ROOT}/../Podfile.lock\" \"${PODS_ROOT}/Manifest.lock\" > /dev/null\nif [[ $? != 0 ]] ; then\n    cat << EOM\nerror: The sandbox is not in sync with the Podfile.lock. Run 'pod install' or update your CocoaPods installation.\nEOM\n    exit 1\nfi\n";
			showEnvVarsInLog = 0;
		};
/* End PBXShellScriptBuildPhase section */

/* Begin PBXSourcesBuildPhase section */
		D0A72E241C4A0EB300DEF741 /* Sources */ = {
			isa = PBXSourcesBuildPhase;
			buildActionMask = 2147483647;
			files = (
				D0A72E2C1C4A0EB300DEF741 /* AppDelegate.swift in Sources */,
				D0A72E3E1C4A0F2900DEF741 /* MovieViewController.swift in Sources */,
				D052930F1C4AB70A00EEF1EA /* MovieCell.swift in Sources */,
				D05293111C4AB7CC00EEF1EA /* DetailViewController.swift in Sources */,
			);
			runOnlyForDeploymentPostprocessing = 0;
		};
/* End PBXSourcesBuildPhase section */

/* Begin PBXVariantGroup section */
		D0A72E2F1C4A0EB300DEF741 /* Main.storyboard */ = {
			isa = PBXVariantGroup;
			children = (
				D0A72E301C4A0EB300DEF741 /* Base */,
			);
			name = Main.storyboard;
			sourceTree = "<group>";
		};
		D0A72E341C4A0EB300DEF741 /* LaunchScreen.storyboard */ = {
			isa = PBXVariantGroup;
			children = (
				D0A72E351C4A0EB300DEF741 /* Base */,
			);
			name = LaunchScreen.storyboard;
			sourceTree = "<group>";
		};
/* End PBXVariantGroup section */

/* Begin XCBuildConfiguration section */
		D0A72E381C4A0EB300DEF741 /* Debug */ = {
			isa = XCBuildConfiguration;
			buildSettings = {
				ALWAYS_SEARCH_USER_PATHS = NO;
				CLANG_CXX_LANGUAGE_STANDARD = "gnu++0x";
				CLANG_CXX_LIBRARY = "libc++";
				CLANG_ENABLE_MODULES = YES;
				CLANG_ENABLE_OBJC_ARC = YES;
				CLANG_WARN_BOOL_CONVERSION = YES;
				CLANG_WARN_CONSTANT_CONVERSION = YES;
				CLANG_WARN_DIRECT_OBJC_ISA_USAGE = YES_ERROR;
				CLANG_WARN_EMPTY_BODY = YES;
				CLANG_WARN_ENUM_CONVERSION = YES;
				CLANG_WARN_INT_CONVERSION = YES;
				CLANG_WARN_OBJC_ROOT_CLASS = YES_ERROR;
				CLANG_WARN_UNREACHABLE_CODE = YES;
				CLANG_WARN__DUPLICATE_METHOD_MATCH = YES;
				"CODE_SIGN_IDENTITY[sdk=iphoneos*]" = "iPhone Developer";
				COPY_PHASE_STRIP = NO;
				DEBUG_INFORMATION_FORMAT = dwarf;
				ENABLE_STRICT_OBJC_MSGSEND = YES;
				ENABLE_TESTABILITY = YES;
				GCC_C_LANGUAGE_STANDARD = gnu99;
				GCC_DYNAMIC_NO_PIC = NO;
				GCC_NO_COMMON_BLOCKS = YES;
				GCC_OPTIMIZATION_LEVEL = 0;
				GCC_PREPROCESSOR_DEFINITIONS = (
					"DEBUG=1",
					"$(inherited)",
				);
				GCC_WARN_64_TO_32_BIT_CONVERSION = YES;
				GCC_WARN_ABOUT_RETURN_TYPE = YES_ERROR;
				GCC_WARN_UNDECLARED_SELECTOR = YES;
				GCC_WARN_UNINITIALIZED_AUTOS = YES_AGGRESSIVE;
				GCC_WARN_UNUSED_FUNCTION = YES;
				GCC_WARN_UNUSED_VARIABLE = YES;
				IPHONEOS_DEPLOYMENT_TARGET = 9.2;
				MTL_ENABLE_DEBUG_INFO = YES;
				ONLY_ACTIVE_ARCH = YES;
				SDKROOT = iphoneos;
				SWIFT_OPTIMIZATION_LEVEL = "-Onone";
				TARGETED_DEVICE_FAMILY = "1,2";
			};
			name = Debug;
		};
		D0A72E391C4A0EB300DEF741 /* Release */ = {
			isa = XCBuildConfiguration;
			buildSettings = {
				ALWAYS_SEARCH_USER_PATHS = NO;
				CLANG_CXX_LANGUAGE_STANDARD = "gnu++0x";
				CLANG_CXX_LIBRARY = "libc++";
				CLANG_ENABLE_MODULES = YES;
				CLANG_ENABLE_OBJC_ARC = YES;
				CLANG_WARN_BOOL_CONVERSION = YES;
				CLANG_WARN_CONSTANT_CONVERSION = YES;
				CLANG_WARN_DIRECT_OBJC_ISA_USAGE = YES_ERROR;
				CLANG_WARN_EMPTY_BODY = YES;
				CLANG_WARN_ENUM_CONVERSION = YES;
				CLANG_WARN_INT_CONVERSION = YES;
				CLANG_WARN_OBJC_ROOT_CLASS = YES_ERROR;
				CLANG_WARN_UNREACHABLE_CODE = YES;
				CLANG_WARN__DUPLICATE_METHOD_MATCH = YES;
				"CODE_SIGN_IDENTITY[sdk=iphoneos*]" = "iPhone Developer";
				COPY_PHASE_STRIP = NO;
				DEBUG_INFORMATION_FORMAT = "dwarf-with-dsym";
				ENABLE_NS_ASSERTIONS = NO;
				ENABLE_STRICT_OBJC_MSGSEND = YES;
				GCC_C_LANGUAGE_STANDARD = gnu99;
				GCC_NO_COMMON_BLOCKS = YES;
				GCC_WARN_64_TO_32_BIT_CONVERSION = YES;
				GCC_WARN_ABOUT_RETURN_TYPE = YES_ERROR;
				GCC_WARN_UNDECLARED_SELECTOR = YES;
				GCC_WARN_UNINITIALIZED_AUTOS = YES_AGGRESSIVE;
				GCC_WARN_UNUSED_FUNCTION = YES;
				GCC_WARN_UNUSED_VARIABLE = YES;
				IPHONEOS_DEPLOYMENT_TARGET = 9.2;
				MTL_ENABLE_DEBUG_INFO = NO;
				SDKROOT = iphoneos;
				TARGETED_DEVICE_FAMILY = "1,2";
				VALIDATE_PRODUCT = YES;
			};
			name = Release;
		};
		D0A72E3B1C4A0EB300DEF741 /* Debug */ = {
			isa = XCBuildConfiguration;
			baseConfigurationReference = 977539CB3D367929FBF2E146 /* Pods-MoveMe.debug.xcconfig */;
			buildSettings = {
				ASSETCATALOG_COMPILER_APPICON_NAME = AppIcon;
				INFOPLIST_FILE = MoveMe/Info.plist;
				LD_RUNPATH_SEARCH_PATHS = "$(inherited) @executable_path/Frameworks";
				PRODUCT_BUNDLE_IDENTIFIER = com.codepath.MoveMe;
				PRODUCT_NAME = "$(TARGET_NAME)";
				TARGETED_DEVICE_FAMILY = "1,2";
			};
			name = Debug;
		};
		D0A72E3C1C4A0EB300DEF741 /* Release */ = {
			isa = XCBuildConfiguration;
			baseConfigurationReference = 9C45B87F262BC4E7006D52FC /* Pods-MoveMe.release.xcconfig */;
			buildSettings = {
				ASSETCATALOG_COMPILER_APPICON_NAME = AppIcon;
				INFOPLIST_FILE = MoveMe/Info.plist;
				LD_RUNPATH_SEARCH_PATHS = "$(inherited) @executable_path/Frameworks";
				PRODUCT_BUNDLE_IDENTIFIER = com.codepath.MoveMe;
				PRODUCT_NAME = "$(TARGET_NAME)";
				TARGETED_DEVICE_FAMILY = "1,2";
			};
			name = Release;
		};
/* End XCBuildConfiguration section */

/* Begin XCConfigurationList section */
		D0A72E231C4A0EB300DEF741 /* Build configuration list for PBXProject "MoveMe" */ = {
			isa = XCConfigurationList;
			buildConfigurations = (
				D0A72E381C4A0EB300DEF741 /* Debug */,
				D0A72E391C4A0EB300DEF741 /* Release */,
			);
			defaultConfigurationIsVisible = 0;
			defaultConfigurationName = Release;
		};
		D0A72E3A1C4A0EB300DEF741 /* Build configuration list for PBXNativeTarget "MoveMe" */ = {
			isa = XCConfigurationList;
			buildConfigurations = (
				D0A72E3B1C4A0EB300DEF741 /* Debug */,
				D0A72E3C1C4A0EB300DEF741 /* Release */,
			);
			defaultConfigurationIsVisible = 0;
			defaultConfigurationName = Release;
		};
/* End XCConfigurationList section */
	};
	rootObject = D0A72E201C4A0EB300DEF741 /* Project object */;
}
